
Microsoft Visual Studio Solution File, Format Version 12.00
# Visual Studio 2013
VisualStudioVersion = 12.0.20827.3
MinimumVisualStudioVersion = 10.0.40219.1
Project("{FAE04EC0-301F-11D3-BF4B-00C04F79EFBC}") = "Viksi.Models", "Viksi.Models\Viksi.Models.csproj", "{D7D5CBA3-6FAD-4E1C-8FE9-A8BC856C35BA}"
EndProject
Project("{FAE04EC0-301F-11D3-BF4B-00C04F79EFBC}") = "Viksi.Web.Api", "Viksi.Web.Api\Viksi.Web.Api.csproj", "{C88C4D4F-B6B5-4A03-839C-4EE7647D7EDC}"
EndProject
Project("{FAE04EC0-301F-11D3-BF4B-00C04F79EFBC}") = "Viksi.Web.Api.Tests", "Viksi.Web.Api.Tests\Viksi.Web.Api.Tests.csproj", "{8EEED69D-3A73-42F5-9A7F-95C266DF1172}"
EndProject
Project("{FAE04EC0-301F-11D3-BF4B-00C04F79EFBC}") = "Viksi.Data", "Viksi.Data\Viksi.Data.csproj", "{295235FE-7D71-4B74-ABFC-26C038D8882F}"
EndProject
Project("{2150E333-8FDC-42A3-9474-1A3956D46DE8}") = ".nuget", ".nuget", "{F67BC4F5-D544-418E-BF19-FA4BB0327551}"
	ProjectSection(SolutionItems) = preProject
		.nuget\NuGet.Config = .nuget\NuGet.Config
		.nuget\NuGet.exe = .nuget\NuGet.exe
		.nuget\NuGet.targets = .nuget\NuGet.targets
	EndProjectSection
EndProject
Global
	GlobalSection(SolutionConfigurationPlatforms) = preSolution
		Debug|Any CPU = Debug|Any CPU
		Release|Any CPU = Release|Any CPU
	EndGlobalSection
	GlobalSection(ProjectConfigurationPlatforms) = postSolution
		{D7D5CBA3-6FAD-4E1C-8FE9-A8BC856C35BA}.Debug|Any CPU.ActiveCfg = Debug|Any CPU
		{D7D5CBA3-6FAD-4E1C-8FE9-A8BC856C35BA}.Debug|Any CPU.Build.0 = Debug|Any CPU
		{D7D5CBA3-6FAD-4E1C-8FE9-A8BC856C35BA}.Release|Any CPU.ActiveCfg = Release|Any CPU
		{D7D5CBA3-6FAD-4E1C-8FE9-A8BC856C35BA}.Release|Any CPU.Build.0 = Release|Any CPU
		{C88C4D4F-B6B5-4A03-839C-4EE7647D7EDC}.Debug|Any CPU.ActiveCfg = Debug|Any CPU
		{C88C4D4F-B6B5-4A03-839C-4EE7647D7EDC}.Debug|Any CPU.Build.0 = Debug|Any CPU
		{C88C4D4F-B6B5-4A03-839C-4EE7647D7EDC}.Release|Any CPU.ActiveCfg = Release|Any CPU
		{C88C4D4F-B6B5-4A03-839C-4EE7647D7EDC}.Release|Any CPU.Build.0 = Release|Any CPU
		{8EEED69D-3A73-42F5-9A7F-95C266DF1172}.Debug|Any CPU.ActiveCfg = Debug|Any CPU
		{8EEED69D-3A73-42F5-9A7F-95C266DF1172}.Debug|Any CPU.Build.0 = Debug|Any CPU
		{8EEED69D-3A73-42F5-9A7F-95C266DF1172}.Release|Any CPU.ActiveCfg = Release|Any CPU
		{8EEED69D-3A73-42F5-9A7F-95C266DF1172}.Release|Any CPU.Build.0 = Release|Any CPU
		{295235FE-7D71-4B74-ABFC-26C038D8882F}.Debug|Any CPU.ActiveCfg = Debug|Any CPU
		{295235FE-7D71-4B74-ABFC-26C038D8882F}.Debug|Any CPU.Build.0 = Debug|Any CPU
		{295235FE-7D71-4B74-ABFC-26C038D8882F}.Release|Any CPU.ActiveCfg = Release|Any CPU
		{295235FE-7D71-4B74-ABFC-26C038D8882F}.Release|Any CPU.Build.0 = Release|Any CPU
	EndGlobalSection
	GlobalSection(SolutionProperties) = preSolution
		HideSolutionNode = FALSE
	EndGlobalSection
EndGlobal
